
Microsoft Visual Studio Solution File, Format Version 12.00
# Visual Studio Version 17
VisualStudioVersion = 17.0.32014.148
MinimumVisualStudioVersion = 10.0.40219.1
Project("{9A19103F-16F7-4668-BE54-9A1E7A4F7556}") = "ConsoleApp1", "ConsoleApp1\ConsoleApp1.csproj", "{8B317042-6B3B-47EF-A5C9-73B5FF46AC6B}"
EndProject
Project("{2150E333-8FDC-42A3-9474-1A3956D46DE8}") = "Project1", "Project1", "{80E721B4-F28B-426F-9364-797C999DEF22}"
EndProject
Project("{2150E333-8FDC-42A3-9474-1A3956D46DE8}") = "Project2", "Project2", "{9A4BFE2B-5C88-421C-AED0-0D8BB2E34FCC}"
EndProject
Project("{9A19103F-16F7-4668-BE54-9A1E7A4F7556}") = "BLL", "project1\BLL\BLL.csproj", "{890FF962-3006-47B5-8BF0-9264B851FD40}"
EndProject
Project("{9A19103F-16F7-4668-BE54-9A1E7A4F7556}") = "DAL", "project1\DAL\DAL.csproj", "{41AE18AF-1134-423D-8D30-D12DCD58F27F}"
EndProject
Project("{9A19103F-16F7-4668-BE54-9A1E7A4F7556}") = "WEBAPI", "project1\WEBAPI\WEBAPI.csproj", "{1D4DD1E5-4244-4C4D-A8A5-EB68EF872F79}"
EndProject
Project("{9A19103F-16F7-4668-BE54-9A1E7A4F7556}") = "BLL_Project2", "project2\BLL_Project2\BLL_Project2.csproj", "{0E339B56-3A85-4C3F-9762-4ED4C1324628}"
EndProject
Project("{9A19103F-16F7-4668-BE54-9A1E7A4F7556}") = "DAL_Project2", "project2\DAL_Project2\DAL_Project2.csproj", "{0A5B7647-1894-477B-90CC-31F6EC907BEA}"
EndProject
Project("{9A19103F-16F7-4668-BE54-9A1E7A4F7556}") = "WEBAPI_Project2", "project2\WEBAPI_Project2\WEBAPI_Project2.csproj", "{E60A7CD4-9F01-4DEF-8300-BE7B016FF162}"
EndProject
Project("{9A19103F-16F7-4668-BE54-9A1E7A4F7556}") = "TestWEBAPI", "TestWEBAPI\TestWEBAPI.csproj", "{1E466741-EC1F-4B95-8E1A-B7100F1EA8DC}"
EndProject
Project("{2150E333-8FDC-42A3-9474-1A3956D46DE8}") = "Project3", "Project3", "{2E9F5C2E-29FD-46C8-9793-0EACD6FC2784}"
EndProject
Project("{9A19103F-16F7-4668-BE54-9A1E7A4F7556}") = "Domain", "Domain\Domain.csproj", "{48AE11E1-33DB-4292-AA01-1A5ACC5A6C4E}"
EndProject
Project("{9A19103F-16F7-4668-BE54-9A1E7A4F7556}") = "Application", "Application\Application.csproj", "{CEC7A1E9-3FE0-49D5-A0A5-5CD85851FDF4}"
EndProject
Project("{9A19103F-16F7-4668-BE54-9A1E7A4F7556}") = "Infrastructure", "Infrastructure\Infrastructure.csproj", "{EB9E3D51-2D66-4796-B925-F435E0016961}"
EndProject
Project("{9A19103F-16F7-4668-BE54-9A1E7A4F7556}") = "WEB", "WEB\WEB.csproj", "{65C111A7-1897-4AF2-ADAA-27FCEE28CB7E}"
EndProject
Project("{FAE04EC0-301F-11D3-BF4B-00C04F79EFBC}") = "WEB_APP_PROJECT", "WEB_APP_PROJECT\WEB_APP_PROJECT.csproj", "{E834F654-C02D-4ABE-A1B2-F4C3BC04AA1E}"
EndProject
Global
	GlobalSection(SolutionConfigurationPlatforms) = preSolution
		Debug|Any CPU = Debug|Any CPU
		Release|Any CPU = Release|Any CPU
	EndGlobalSection
	GlobalSection(ProjectConfigurationPlatforms) = postSolution
		{8B317042-6B3B-47EF-A5C9-73B5FF46AC6B}.Debug|Any CPU.ActiveCfg = Debug|Any CPU
		{8B317042-6B3B-47EF-A5C9-73B5FF46AC6B}.Debug|Any CPU.Build.0 = Debug|Any CPU
		{8B317042-6B3B-47EF-A5C9-73B5FF46AC6B}.Release|Any CPU.ActiveCfg = Release|Any CPU
		{8B317042-6B3B-47EF-A5C9-73B5FF46AC6B}.Release|Any CPU.Build.0 = Release|Any CPU
		{890FF962-3006-47B5-8BF0-9264B851FD40}.Debug|Any CPU.ActiveCfg = Debug|Any CPU
		{890FF962-3006-47B5-8BF0-9264B851FD40}.Debug|Any CPU.Build.0 = Debug|Any CPU
		{890FF962-3006-47B5-8BF0-9264B851FD40}.Release|Any CPU.ActiveCfg = Release|Any CPU
		{890FF962-3006-47B5-8BF0-9264B851FD40}.Release|Any CPU.Build.0 = Release|Any CPU
		{41AE18AF-1134-423D-8D30-D12DCD58F27F}.Debug|Any CPU.ActiveCfg = Debug|Any CPU
		{41AE18AF-1134-423D-8D30-D12DCD58F27F}.Debug|Any CPU.Build.0 = Debug|Any CPU
		{41AE18AF-1134-423D-8D30-D12DCD58F27F}.Release|Any CPU.ActiveCfg = Release|Any CPU
		{41AE18AF-1134-423D-8D30-D12DCD58F27F}.Release|Any CPU.Build.0 = Release|Any CPU
		{1D4DD1E5-4244-4C4D-A8A5-EB68EF872F79}.Debug|Any CPU.ActiveCfg = Debug|Any CPU
		{1D4DD1E5-4244-4C4D-A8A5-EB68EF872F79}.Debug|Any CPU.Build.0 = Debug|Any CPU
		{1D4DD1E5-4244-4C4D-A8A5-EB68EF872F79}.Release|Any CPU.ActiveCfg = Release|Any CPU
		{1D4DD1E5-4244-4C4D-A8A5-EB68EF872F79}.Release|Any CPU.Build.0 = Release|Any CPU
		{0E339B56-3A85-4C3F-9762-4ED4C1324628}.Debug|Any CPU.ActiveCfg = Debug|Any CPU
		{0E339B56-3A85-4C3F-9762-4ED4C1324628}.Debug|Any CPU.Build.0 = Debug|Any CPU
		{0E339B56-3A85-4C3F-9762-4ED4C1324628}.Release|Any CPU.ActiveCfg = Release|Any CPU
		{0E339B56-3A85-4C3F-9762-4ED4C1324628}.Release|Any CPU.Build.0 = Release|Any CPU
		{0A5B7647-1894-477B-90CC-31F6EC907BEA}.Debug|Any CPU.ActiveCfg = Debug|Any CPU
		{0A5B7647-1894-477B-90CC-31F6EC907BEA}.Debug|Any CPU.Build.0 = Debug|Any CPU
		{0A5B7647-1894-477B-90CC-31F6EC907BEA}.Release|Any CPU.ActiveCfg = Release|Any CPU
		{0A5B7647-1894-477B-90CC-31F6EC907BEA}.Release|Any CPU.Build.0 = Release|Any CPU
		{E60A7CD4-9F01-4DEF-8300-BE7B016FF162}.Debug|Any CPU.ActiveCfg = Debug|Any CPU
		{E60A7CD4-9F01-4DEF-8300-BE7B016FF162}.Debug|Any CPU.Build.0 = Debug|Any CPU
		{E60A7CD4-9F01-4DEF-8300-BE7B016FF162}.Release|Any CPU.ActiveCfg = Release|Any CPU
		{E60A7CD4-9F01-4DEF-8300-BE7B016FF162}.Release|Any CPU.Build.0 = Release|Any CPU
		{1E466741-EC1F-4B95-8E1A-B7100F1EA8DC}.Debug|Any CPU.ActiveCfg = Debug|Any CPU
		{1E466741-EC1F-4B95-8E1A-B7100F1EA8DC}.Debug|Any CPU.Build.0 = Debug|Any CPU
		{1E466741-EC1F-4B95-8E1A-B7100F1EA8DC}.Release|Any CPU.ActiveCfg = Release|Any CPU
		{1E466741-EC1F-4B95-8E1A-B7100F1EA8DC}.Release|Any CPU.Build.0 = Release|Any CPU
		{48AE11E1-33DB-4292-AA01-1A5ACC5A6C4E}.Debug|Any CPU.ActiveCfg = Debug|Any CPU
		{48AE11E1-33DB-4292-AA01-1A5ACC5A6C4E}.Debug|Any CPU.Build.0 = Debug|Any CPU
		{48AE11E1-33DB-4292-AA01-1A5ACC5A6C4E}.Release|Any CPU.ActiveCfg = Release|Any CPU
		{48AE11E1-33DB-4292-AA01-1A5ACC5A6C4E}.Release|Any CPU.Build.0 = Release|Any CPU
		{CEC7A1E9-3FE0-49D5-A0A5-5CD85851FDF4}.Debug|Any CPU.ActiveCfg = Debug|Any CPU
		{CEC7A1E9-3FE0-49D5-A0A5-5CD85851FDF4}.Debug|Any CPU.Build.0 = Debug|Any CPU
		{CEC7A1E9-3FE0-49D5-A0A5-5CD85851FDF4}.Release|Any CPU.ActiveCfg = Release|Any CPU
		{CEC7A1E9-3FE0-49D5-A0A5-5CD85851FDF4}.Release|Any CPU.Build.0 = Release|Any CPU
		{EB9E3D51-2D66-4796-B925-F435E0016961}.Debug|Any CPU.ActiveCfg = Debug|Any CPU
		{EB9E3D51-2D66-4796-B925-F435E0016961}.Debug|Any CPU.Build.0 = Debug|Any CPU
		{EB9E3D51-2D66-4796-B925-F435E0016961}.Release|Any CPU.ActiveCfg = Release|Any CPU
		{EB9E3D51-2D66-4796-B925-F435E0016961}.Release|Any CPU.Build.0 = Release|Any CPU
		{65C111A7-1897-4AF2-ADAA-27FCEE28CB7E}.Debug|Any CPU.ActiveCfg = Debug|Any CPU
		{65C111A7-1897-4AF2-ADAA-27FCEE28CB7E}.Debug|Any CPU.Build.0 = Debug|Any CPU
		{65C111A7-1897-4AF2-ADAA-27FCEE28CB7E}.Release|Any CPU.ActiveCfg = Release|Any CPU
		{65C111A7-1897-4AF2-ADAA-27FCEE28CB7E}.Release|Any CPU.Build.0 = Release|Any CPU
		{E834F654-C02D-4ABE-A1B2-F4C3BC04AA1E}.Debug|Any CPU.ActiveCfg = Debug|Any CPU
		{E834F654-C02D-4ABE-A1B2-F4C3BC04AA1E}.Debug|Any CPU.Build.0 = Debug|Any CPU
		{E834F654-C02D-4ABE-A1B2-F4C3BC04AA1E}.Release|Any CPU.ActiveCfg = Release|Any CPU
		{E834F654-C02D-4ABE-A1B2-F4C3BC04AA1E}.Release|Any CPU.Build.0 = Release|Any CPU
	EndGlobalSection
	GlobalSection(SolutionProperties) = preSolution
		HideSolutionNode = FALSE
	EndGlobalSection
	GlobalSection(NestedProjects) = preSolution
		{890FF962-3006-47B5-8BF0-9264B851FD40} = {80E721B4-F28B-426F-9364-797C999DEF22}
		{41AE18AF-1134-423D-8D30-D12DCD58F27F} = {80E721B4-F28B-426F-9364-797C999DEF22}
		{1D4DD1E5-4244-4C4D-A8A5-EB68EF872F79} = {80E721B4-F28B-426F-9364-797C999DEF22}
		{0E339B56-3A85-4C3F-9762-4ED4C1324628} = {9A4BFE2B-5C88-421C-AED0-0D8BB2E34FCC}
		{0A5B7647-1894-477B-90CC-31F6EC907BEA} = {9A4BFE2B-5C88-421C-AED0-0D8BB2E34FCC}
		{E60A7CD4-9F01-4DEF-8300-BE7B016FF162} = {9A4BFE2B-5C88-421C-AED0-0D8BB2E34FCC}
		{1E466741-EC1F-4B95-8E1A-B7100F1EA8DC} = {9A4BFE2B-5C88-421C-AED0-0D8BB2E34FCC}
		{48AE11E1-33DB-4292-AA01-1A5ACC5A6C4E} = {2E9F5C2E-29FD-46C8-9793-0EACD6FC2784}
		{CEC7A1E9-3FE0-49D5-A0A5-5CD85851FDF4} = {2E9F5C2E-29FD-46C8-9793-0EACD6FC2784}
		{EB9E3D51-2D66-4796-B925-F435E0016961} = {2E9F5C2E-29FD-46C8-9793-0EACD6FC2784}
		{65C111A7-1897-4AF2-ADAA-27FCEE28CB7E} = {2E9F5C2E-29FD-46C8-9793-0EACD6FC2784}
	EndGlobalSection
	GlobalSection(ExtensibilityGlobals) = postSolution
		SolutionGuid = {35A69D01-853B-4D3C-9AF9-0456774232A5}
	EndGlobalSection
EndGlobal
